
Microsoft Visual Studio Solution File, Format Version 12.00
# Visual Studio Version 17
VisualStudioVersion = 17.7.34024.191
MinimumVisualStudioVersion = 10.0.40219.1
Project("{FAE04EC0-301F-11D3-BF4B-00C04F79EFBC}") = "CipherAlgorithms", "CipherAlgorithms\CipherAlgorithms.csproj", "{19315272-AA40-4AA9-BFFC-B42D9F4419BA}"
EndProject
Global
	GlobalSection(SolutionConfigurationPlatforms) = preSolution
		Debug|Any CPU = Debug|Any CPU
		Release|Any CPU = Release|Any CPU
	EndGlobalSection
	GlobalSection(ProjectConfigurationPlatforms) = postSolution
		{19315272-AA40-4AA9-BFFC-B42D9F4419BA}.Debug|Any CPU.ActiveCfg = Debug|Any CPU
		{19315272-AA40-4AA9-BFFC-B42D9F4419BA}.Debug|Any CPU.Build.0 = Debug|Any CPU
		{19315272-AA40-4AA9-BFFC-B42D9F4419BA}.Release|Any CPU.ActiveCfg = Release|Any CPU
		{19315272-AA40-4AA9-BFFC-B42D9F4419BA}.Release|Any CPU.Build.0 = Release|Any CPU
	EndGlobalSection
	GlobalSection(SolutionProperties) = preSolution
		HideSolutionNode = FALSE
	EndGlobalSection
	GlobalSection(ExtensibilityGlobals) = postSolution
		SolutionGuid = {388A51C1-21EB-44A7-98A3-D774112DFFCB}
	EndGlobalSection
EndGlobal
